// !$*UTF8*$!
{
	archiveVersion = 1;
	classes = {
	};
	objectVersion = 56;
	objects = {

/* Begin PBXBuildFile section */
		A44D11A72B5C296600FD547D /* LandmarksApp.swift in Sources */ = {isa = PBXBuildFile; fileRef = A44D11A62B5C296600FD547D /* LandmarksApp.swift */; };
		A44D11A92B5C296600FD547D /* ContentView.swift in Sources */ = {isa = PBXBuildFile; fileRef = A44D11A82B5C296600FD547D /* ContentView.swift */; };
		A44D11AB2B5C296800FD547D /* Assets.xcassets in Resources */ = {isa = PBXBuildFile; fileRef = A44D11AA2B5C296800FD547D /* Assets.xcassets */; };
		A44D11AE2B5C296800FD547D /* Preview Assets.xcassets in Resources */ = {isa = PBXBuildFile; fileRef = A44D11AD2B5C296800FD547D /* Preview Assets.xcassets */; };
		A44D11B52B5C31DE00FD547D /* CircleImage.swift in Sources */ = {isa = PBXBuildFile; fileRef = A44D11B42B5C31DE00FD547D /* CircleImage.swift */; };
		A44D11B72B5C337000FD547D /* MapView.swift in Sources */ = {isa = PBXBuildFile; fileRef = A44D11B62B5C337000FD547D /* MapView.swift */; };
		A44D11B92B5C3BA200FD547D /* landmarkData.json in Resources */ = {isa = PBXBuildFile; fileRef = A44D11B82B5C3BA200FD547D /* landmarkData.json */; };
		A44D11BB2B5C3BC800FD547D /* Landmark.swift in Sources */ = {isa = PBXBuildFile; fileRef = A44D11BA2B5C3BC800FD547D /* Landmark.swift */; };
		A44D11BD2B5C3EE800FD547D /* ModelData.swift in Sources */ = {isa = PBXBuildFile; fileRef = A44D11BC2B5C3EE800FD547D /* ModelData.swift */; };
		A44D11C22B5C414A00FD547D /* LandmarkRow.swift in Sources */ = {isa = PBXBuildFile; fileRef = A44D11C12B5C414A00FD547D /* LandmarkRow.swift */; };
		A44D11C42B5C45B100FD547D /* LandmarkList.swift in Sources */ = {isa = PBXBuildFile; fileRef = A44D11C32B5C45B100FD547D /* LandmarkList.swift */; };
		A44D11C62B5C4C8C00FD547D /* LandmarkDetail.swift in Sources */ = {isa = PBXBuildFile; fileRef = A44D11C52B5C4C8C00FD547D /* LandmarkDetail.swift */; };
		A45A191B2B614459005D22EB /* Profile.swift in Sources */ = {isa = PBXBuildFile; fileRef = A45A191A2B614459005D22EB /* Profile.swift */; };
		A45A191E2B6145CE005D22EB /* ProfileHost.swift in Sources */ = {isa = PBXBuildFile; fileRef = A45A191D2B6145CE005D22EB /* ProfileHost.swift */; };
		A45A19202B61467E005D22EB /* ProfileSummary.swift in Sources */ = {isa = PBXBuildFile; fileRef = A45A191F2B61467E005D22EB /* ProfileSummary.swift */; };
		A45A19222B614797005D22EB /* HikeBadge.swift in Sources */ = {isa = PBXBuildFile; fileRef = A45A19212B614797005D22EB /* HikeBadge.swift */; };
		A45A19242B6154E1005D22EB /* ProfileEditor.swift in Sources */ = {isa = PBXBuildFile; fileRef = A45A19232B6154E1005D22EB /* ProfileEditor.swift */; };
		A472AFCD2B611B1C00748ACB /* CategoryHome.swift in Sources */ = {isa = PBXBuildFile; fileRef = A472AFCC2B611B1C00748ACB /* CategoryHome.swift */; };
		A472AFD02B611ED400748ACB /* CategoryRow.swift in Sources */ = {isa = PBXBuildFile; fileRef = A472AFCF2B611ED400748ACB /* CategoryRow.swift */; };
		A472AFD22B61211900748ACB /* CategoryItem.swift in Sources */ = {isa = PBXBuildFile; fileRef = A472AFD12B61211900748ACB /* CategoryItem.swift */; };
		A49F4DCA2B5EED0B0030AB6C /* FavoriteButton.swift in Sources */ = {isa = PBXBuildFile; fileRef = A49F4DC92B5EED0B0030AB6C /* FavoriteButton.swift */; };
		A49F4DCE2B5EF54F0030AB6C /* HexagonParameters.swift in Sources */ = {isa = PBXBuildFile; fileRef = A49F4DCD2B5EF54F0030AB6C /* HexagonParameters.swift */; };
		A49F4DD02B5EF7020030AB6C /* BadgeBackground.swift in Sources */ = {isa = PBXBuildFile; fileRef = A49F4DCF2B5EF7020030AB6C /* BadgeBackground.swift */; };
		A49F4DD22B5EFC710030AB6C /* BadgeSymbol.swift in Sources */ = {isa = PBXBuildFile; fileRef = A49F4DD12B5EFC710030AB6C /* BadgeSymbol.swift */; };
		A49F4DD52B5EFFDB0030AB6C /* RotatedBadgeSymbol.swift in Sources */ = {isa = PBXBuildFile; fileRef = A49F4DD42B5EFFDB0030AB6C /* RotatedBadgeSymbol.swift */; };
		A49F4DD72B5F00B90030AB6C /* Badge.swift in Sources */ = {isa = PBXBuildFile; fileRef = A49F4DD62B5F00B90030AB6C /* Badge.swift */; };
		A49F4DD92B5F04A00030AB6C /* hikeData.json in Resources */ = {isa = PBXBuildFile; fileRef = A49F4DD82B5F04A00030AB6C /* hikeData.json */; };
		A49F4DDB2B5F07DF0030AB6C /* Hike.swift in Sources */ = {isa = PBXBuildFile; fileRef = A49F4DDA2B5F07DF0030AB6C /* Hike.swift */; };
		A49F4DDD2B5F09620030AB6C /* HikeView.swift in Sources */ = {isa = PBXBuildFile; fileRef = A49F4DDC2B5F09620030AB6C /* HikeView.swift */; };
		A49F4DDF2B5F103C0030AB6C /* HikeDetail.swift in Sources */ = {isa = PBXBuildFile; fileRef = A49F4DDE2B5F103C0030AB6C /* HikeDetail.swift */; };
		A49F4DE12B5F105D0030AB6C /* HikeGraph.swift in Sources */ = {isa = PBXBuildFile; fileRef = A49F4DE02B5F105D0030AB6C /* HikeGraph.swift */; };
		A49F4DE32B5F10870030AB6C /* GraphCapsule.swift in Sources */ = {isa = PBXBuildFile; fileRef = A49F4DE22B5F10870030AB6C /* GraphCapsule.swift */; };
/* End PBXBuildFile section */

/* Begin PBXFileReference section */
		A44D11A32B5C296600FD547D /* Landmarks.app */ = {isa = PBXFileReference; explicitFileType = wrapper.application; includeInIndex = 0; path = Landmarks.app; sourceTree = BUILT_PRODUCTS_DIR; };
		A44D11A62B5C296600FD547D /* LandmarksApp.swift */ = {isa = PBXFileReference; lastKnownFileType = sourcecode.swift; path = LandmarksApp.swift; sourceTree = "<group>"; };
		A44D11A82B5C296600FD547D /* ContentView.swift */ = {isa = PBXFileReference; lastKnownFileType = sourcecode.swift; path = ContentView.swift; sourceTree = "<group>"; };
		A44D11AA2B5C296800FD547D /* Assets.xcassets */ = {isa = PBXFileReference; lastKnownFileType = folder.assetcatalog; path = Assets.xcassets; sourceTree = "<group>"; };
		A44D11AD2B5C296800FD547D /* Preview Assets.xcassets */ = {isa = PBXFileReference; lastKnownFileType = folder.assetcatalog; path = "Preview Assets.xcassets"; sourceTree = "<group>"; };
		A44D11B42B5C31DE00FD547D /* CircleImage.swift */ = {isa = PBXFileReference; lastKnownFileType = sourcecode.swift; path = CircleImage.swift; sourceTree = "<group>"; };
		A44D11B62B5C337000FD547D /* MapView.swift */ = {isa = PBXFileReference; lastKnownFileType = sourcecode.swift; path = MapView.swift; sourceTree = "<group>"; };
		A44D11B82B5C3BA200FD547D /* landmarkData.json */ = {isa = PBXFileReference; fileEncoding = 4; lastKnownFileType = text.json; path = landmarkData.json; sourceTree = "<group>"; };
		A44D11BA2B5C3BC800FD547D /* Landmark.swift */ = {isa = PBXFileReference; lastKnownFileType = sourcecode.swift; path = Landmark.swift; sourceTree = "<group>"; };
		A44D11BC2B5C3EE800FD547D /* ModelData.swift */ = {isa = PBXFileReference; lastKnownFileType = sourcecode.swift; path = ModelData.swift; sourceTree = "<group>"; };
		A44D11C12B5C414A00FD547D /* LandmarkRow.swift */ = {isa = PBXFileReference; lastKnownFileType = sourcecode.swift; path = LandmarkRow.swift; sourceTree = "<group>"; };
		A44D11C32B5C45B100FD547D /* LandmarkList.swift */ = {isa = PBXFileReference; lastKnownFileType = sourcecode.swift; path = LandmarkList.swift; sourceTree = "<group>"; };
		A44D11C52B5C4C8C00FD547D /* LandmarkDetail.swift */ = {isa = PBXFileReference; lastKnownFileType = sourcecode.swift; path = LandmarkDetail.swift; sourceTree = "<group>"; };
		A45A191A2B614459005D22EB /* Profile.swift */ = {isa = PBXFileReference; lastKnownFileType = sourcecode.swift; path = Profile.swift; sourceTree = "<group>"; };
		A45A191D2B6145CE005D22EB /* ProfileHost.swift */ = {isa = PBXFileReference; lastKnownFileType = sourcecode.swift; path = ProfileHost.swift; sourceTree = "<group>"; };
		A45A191F2B61467E005D22EB /* ProfileSummary.swift */ = {isa = PBXFileReference; lastKnownFileType = sourcecode.swift; path = ProfileSummary.swift; sourceTree = "<group>"; };
		A45A19212B614797005D22EB /* HikeBadge.swift */ = {isa = PBXFileReference; lastKnownFileType = sourcecode.swift; path = HikeBadge.swift; sourceTree = "<group>"; };
		A45A19232B6154E1005D22EB /* ProfileEditor.swift */ = {isa = PBXFileReference; lastKnownFileType = sourcecode.swift; path = ProfileEditor.swift; sourceTree = "<group>"; };
		A472AFCC2B611B1C00748ACB /* CategoryHome.swift */ = {isa = PBXFileReference; lastKnownFileType = sourcecode.swift; path = CategoryHome.swift; sourceTree = "<group>"; };
		A472AFCF2B611ED400748ACB /* CategoryRow.swift */ = {isa = PBXFileReference; lastKnownFileType = sourcecode.swift; path = CategoryRow.swift; sourceTree = "<group>"; };
		A472AFD12B61211900748ACB /* CategoryItem.swift */ = {isa = PBXFileReference; lastKnownFileType = sourcecode.swift; path = CategoryItem.swift; sourceTree = "<group>"; };
		A49F4DC92B5EED0B0030AB6C /* FavoriteButton.swift */ = {isa = PBXFileReference; lastKnownFileType = sourcecode.swift; path = FavoriteButton.swift; sourceTree = "<group>"; };
		A49F4DCD2B5EF54F0030AB6C /* HexagonParameters.swift */ = {isa = PBXFileReference; lastKnownFileType = sourcecode.swift; path = HexagonParameters.swift; sourceTree = "<group>"; };
		A49F4DCF2B5EF7020030AB6C /* BadgeBackground.swift */ = {isa = PBXFileReference; lastKnownFileType = sourcecode.swift; path = BadgeBackground.swift; sourceTree = "<group>"; };
		A49F4DD12B5EFC710030AB6C /* BadgeSymbol.swift */ = {isa = PBXFileReference; lastKnownFileType = sourcecode.swift; path = BadgeSymbol.swift; sourceTree = "<group>"; };
		A49F4DD42B5EFFDB0030AB6C /* RotatedBadgeSymbol.swift */ = {isa = PBXFileReference; lastKnownFileType = sourcecode.swift; path = RotatedBadgeSymbol.swift; sourceTree = "<group>"; };
		A49F4DD62B5F00B90030AB6C /* Badge.swift */ = {isa = PBXFileReference; lastKnownFileType = sourcecode.swift; path = Badge.swift; sourceTree = "<group>"; };
		A49F4DD82B5F04A00030AB6C /* hikeData.json */ = {isa = PBXFileReference; fileEncoding = 4; lastKnownFileType = text.json; path = hikeData.json; sourceTree = "<group>"; };
		A49F4DDA2B5F07DF0030AB6C /* Hike.swift */ = {isa = PBXFileReference; lastKnownFileType = sourcecode.swift; path = Hike.swift; sourceTree = "<group>"; };
		A49F4DDC2B5F09620030AB6C /* HikeView.swift */ = {isa = PBXFileReference; lastKnownFileType = sourcecode.swift; path = HikeView.swift; sourceTree = "<group>"; };
		A49F4DDE2B5F103C0030AB6C /* HikeDetail.swift */ = {isa = PBXFileReference; lastKnownFileType = sourcecode.swift; path = HikeDetail.swift; sourceTree = "<group>"; };
		A49F4DE02B5F105D0030AB6C /* HikeGraph.swift */ = {isa = PBXFileReference; lastKnownFileType = sourcecode.swift; path = HikeGraph.swift; sourceTree = "<group>"; };
		A49F4DE22B5F10870030AB6C /* GraphCapsule.swift */ = {isa = PBXFileReference; lastKnownFileType = sourcecode.swift; path = GraphCapsule.swift; sourceTree = "<group>"; };
/* End PBXFileReference section */

/* Begin PBXFrameworksBuildPhase section */
		A44D11A02B5C296600FD547D /* Frameworks */ = {
			isa = PBXFrameworksBuildPhase;
			buildActionMask = 2147483647;
			files = (
			);
			runOnlyForDeploymentPostprocessing = 0;
		};
/* End PBXFrameworksBuildPhase section */

/* Begin PBXGroup section */
		A44D119A2B5C296600FD547D = {
			isa = PBXGroup;
			children = (
				A44D11A52B5C296600FD547D /* Landmarks */,
				A44D11A42B5C296600FD547D /* Products */,
			);
			sourceTree = "<group>";
		};
		A44D11A42B5C296600FD547D /* Products */ = {
			isa = PBXGroup;
			children = (
				A44D11A32B5C296600FD547D /* Landmarks.app */,
			);
			name = Products;
			sourceTree = "<group>";
		};
		A44D11A52B5C296600FD547D /* Landmarks */ = {
			isa = PBXGroup;
			children = (
				A44D11A62B5C296600FD547D /* LandmarksApp.swift */,
				A44D11BE2B5C409200FD547D /* Views */,
				A44D11BF2B5C40AC00FD547D /* Model */,
				A44D11AA2B5C296800FD547D /* Assets.xcassets */,
				A44D11C02B5C40B500FD547D /* Resourses */,
				A44D11AC2B5C296800FD547D /* Preview Content */,
			);
			path = Landmarks;
			sourceTree = "<group>";
		};
		A44D11AC2B5C296800FD547D /* Preview Content */ = {
			isa = PBXGroup;
			children = (
				A44D11AD2B5C296800FD547D /* Preview Assets.xcassets */,
			);
			path = "Preview Content";
			sourceTree = "<group>";
		};
		A44D11BE2B5C409200FD547D /* Views */ = {
			isa = PBXGroup;
			children = (
				A44D11A82B5C296600FD547D /* ContentView.swift */,
				A49F4DD32B5EFFC30030AB6C /* Badges */,
				A49F4DCC2B5EEEDD0030AB6C /* Landmarks */,
				A49F4DCB2B5EEECD0030AB6C /* Helper */,
				A472AFCB2B611B0B00748ACB /* Hikes */,
				A472AFCE2B611B4100748ACB /* Categories */,
				A45A191C2B6145BD005D22EB /* Profiles */,
			);
			path = Views;
			sourceTree = "<group>";
		};
		A44D11BF2B5C40AC00FD547D /* Model */ = {
			isa = PBXGroup;
			children = (
				A49F4DCD2B5EF54F0030AB6C /* HexagonParameters.swift */,
				A44D11BA2B5C3BC800FD547D /* Landmark.swift */,
				A44D11BC2B5C3EE800FD547D /* ModelData.swift */,
				A49F4DDA2B5F07DF0030AB6C /* Hike.swift */,
				A45A191A2B614459005D22EB /* Profile.swift */,
			);
			path = Model;
			sourceTree = "<group>";
		};
		A44D11C02B5C40B500FD547D /* Resourses */ = {
			isa = PBXGroup;
			children = (
				A49F4DD82B5F04A00030AB6C /* hikeData.json */,
				A44D11B82B5C3BA200FD547D /* landmarkData.json */,
			);
			path = Resourses;
			sourceTree = "<group>";
		};
		A45A191C2B6145BD005D22EB /* Profiles */ = {
			isa = PBXGroup;
			children = (
				A45A191D2B6145CE005D22EB /* ProfileHost.swift */,
				A45A191F2B61467E005D22EB /* ProfileSummary.swift */,
				A45A19232B6154E1005D22EB /* ProfileEditor.swift */,
			);
			path = Profiles;
			sourceTree = "<group>";
		};
		A472AFCB2B611B0B00748ACB /* Hikes */ = {
			isa = PBXGroup;
			children = (
				A49F4DDC2B5F09620030AB6C /* HikeView.swift */,
				A49F4DDE2B5F103C0030AB6C /* HikeDetail.swift */,
				A49F4DE02B5F105D0030AB6C /* HikeGraph.swift */,
				A49F4DE22B5F10870030AB6C /* GraphCapsule.swift */,
				A45A19212B614797005D22EB /* HikeBadge.swift */,
			);
			path = Hikes;
			sourceTree = "<group>";
		};
		A472AFCE2B611B4100748ACB /* Categories */ = {
			isa = PBXGroup;
			children = (
				A472AFCC2B611B1C00748ACB /* CategoryHome.swift */,
				A472AFCF2B611ED400748ACB /* CategoryRow.swift */,
				A472AFD12B61211900748ACB /* CategoryItem.swift */,
			);
			path = Categories;
			sourceTree = "<group>";
		};
		A49F4DCB2B5EEECD0030AB6C /* Helper */ = {
			isa = PBXGroup;
			children = (
				A44D11B42B5C31DE00FD547D /* CircleImage.swift */,
				A44D11B62B5C337000FD547D /* MapView.swift */,
				A49F4DC92B5EED0B0030AB6C /* FavoriteButton.swift */,
			);
			path = Helper;
			sourceTree = "<group>";
		};
		A49F4DCC2B5EEEDD0030AB6C /* Landmarks */ = {
			isa = PBXGroup;
			children = (
				A44D11C12B5C414A00FD547D /* LandmarkRow.swift */,
				A44D11C32B5C45B100FD547D /* LandmarkList.swift */,
				A44D11C52B5C4C8C00FD547D /* LandmarkDetail.swift */,
			);
			path = Landmarks;
			sourceTree = "<group>";
		};
		A49F4DD32B5EFFC30030AB6C /* Badges */ = {
			isa = PBXGroup;
			children = (
				A49F4DCF2B5EF7020030AB6C /* BadgeBackground.swift */,
				A49F4DD12B5EFC710030AB6C /* BadgeSymbol.swift */,
				A49F4DD42B5EFFDB0030AB6C /* RotatedBadgeSymbol.swift */,
				A49F4DD62B5F00B90030AB6C /* Badge.swift */,
			);
			path = Badges;
			sourceTree = "<group>";
		};
/* End PBXGroup section */

/* Begin PBXNativeTarget section */
		A44D11A22B5C296600FD547D /* Landmarks */ = {
			isa = PBXNativeTarget;
			buildConfigurationList = A44D11B12B5C296800FD547D /* Build configuration list for PBXNativeTarget "Landmarks" */;
			buildPhases = (
				A44D119F2B5C296600FD547D /* Sources */,
				A44D11A02B5C296600FD547D /* Frameworks */,
				A44D11A12B5C296600FD547D /* Resources */,
			);
			buildRules = (
			);
			dependencies = (
			);
			name = Landmarks;
			productName = Landmarks;
			productReference = A44D11A32B5C296600FD547D /* Landmarks.app */;
			productType = "com.apple.product-type.application";
		};
/* End PBXNativeTarget section */

/* Begin PBXProject section */
		A44D119B2B5C296600FD547D /* Project object */ = {
			isa = PBXProject;
			attributes = {
				BuildIndependentTargetsInParallel = 1;
				LastSwiftUpdateCheck = 1510;
				LastUpgradeCheck = 1510;
				TargetAttributes = {
					A44D11A22B5C296600FD547D = {
						CreatedOnToolsVersion = 15.1;
					};
				};
			};
			buildConfigurationList = A44D119E2B5C296600FD547D /* Build configuration list for PBXProject "Landmarks" */;
			compatibilityVersion = "Xcode 14.0";
			developmentRegion = en;
			hasScannedForEncodings = 0;
			knownRegions = (
				en,
				Base,
			);
			mainGroup = A44D119A2B5C296600FD547D;
			productRefGroup = A44D11A42B5C296600FD547D /* Products */;
			projectDirPath = "";
			projectRoot = "";
			targets = (
				A44D11A22B5C296600FD547D /* Landmarks */,
			);
		};
/* End PBXProject section */

/* Begin PBXResourcesBuildPhase section */
		A44D11A12B5C296600FD547D /* Resources */ = {
			isa = PBXResourcesBuildPhase;
			buildActionMask = 2147483647;
			files = (
				A49F4DD92B5F04A00030AB6C /* hikeData.json in Resources */,
				A44D11AE2B5C296800FD547D /* Preview Assets.xcassets in Resources */,
				A44D11AB2B5C296800FD547D /* Assets.xcassets in Resources */,
				A44D11B92B5C3BA200FD547D /* landmarkData.json in Resources */,
			);
			runOnlyForDeploymentPostprocessing = 0;
		};
/* End PBXResourcesBuildPhase section */

/* Begin PBXSourcesBuildPhase section */
		A44D119F2B5C296600FD547D /* Sources */ = {
			isa = PBXSourcesBuildPhase;
			buildActionMask = 2147483647;
			files = (
				A472AFD02B611ED400748ACB /* CategoryRow.swift in Sources */,
				A45A191B2B614459005D22EB /* Profile.swift in Sources */,
				A49F4DE32B5F10870030AB6C /* GraphCapsule.swift in Sources */,
				A472AFCD2B611B1C00748ACB /* CategoryHome.swift in Sources */,
				A44D11A92B5C296600FD547D /* ContentView.swift in Sources */,
				A49F4DD72B5F00B90030AB6C /* Badge.swift in Sources */,
				A44D11B72B5C337000FD547D /* MapView.swift in Sources */,
				A44D11A72B5C296600FD547D /* LandmarksApp.swift in Sources */,
				A49F4DE12B5F105D0030AB6C /* HikeGraph.swift in Sources */,
				A49F4DCA2B5EED0B0030AB6C /* FavoriteButton.swift in Sources */,
				A472AFD22B61211900748ACB /* CategoryItem.swift in Sources */,
				A49F4DDD2B5F09620030AB6C /* HikeView.swift in Sources */,
				A45A19202B61467E005D22EB /* ProfileSummary.swift in Sources */,
				A49F4DCE2B5EF54F0030AB6C /* HexagonParameters.swift in Sources */,
				A45A191E2B6145CE005D22EB /* ProfileHost.swift in Sources */,
				A49F4DDB2B5F07DF0030AB6C /* Hike.swift in Sources */,
				A49F4DD52B5EFFDB0030AB6C /* RotatedBadgeSymbol.swift in Sources */,
				A49F4DD22B5EFC710030AB6C /* BadgeSymbol.swift in Sources */,
				A45A19242B6154E1005D22EB /* ProfileEditor.swift in Sources */,
				A44D11C42B5C45B100FD547D /* LandmarkList.swift in Sources */,
				A49F4DDF2B5F103C0030AB6C /* HikeDetail.swift in Sources */,
				A44D11C62B5C4C8C00FD547D /* LandmarkDetail.swift in Sources */,
				A49F4DD02B5EF7020030AB6C /* BadgeBackground.swift in Sources */,
				A45A19222B614797005D22EB /* HikeBadge.swift in Sources */,
				A44D11B52B5C31DE00FD547D /* CircleImage.swift in Sources */,
				A44D11BB2B5C3BC800FD547D /* Landmark.swift in Sources */,
				A44D11C22B5C414A00FD547D /* LandmarkRow.swift in Sources */,
				A44D11BD2B5C3EE800FD547D /* ModelData.swift in Sources */,
			);
			runOnlyForDeploymentPostprocessing = 0;
		};
/* End PBXSourcesBuildPhase section */

/* Begin XCBuildConfiguration section */
		A44D11AF2B5C296800FD547D /* Debug */ = {
			isa = XCBuildConfiguration;
			buildSettings = {
				ALWAYS_SEARCH_USER_PATHS = NO;
				ASSETCATALOG_COMPILER_GENERATE_SWIFT_ASSET_SYMBOL_EXTENSIONS = YES;
				CLANG_ANALYZER_NONNULL = YES;
				CLANG_ANALYZER_NUMBER_OBJECT_CONVERSION = YES_AGGRESSIVE;
				CLANG_CXX_LANGUAGE_STANDARD = "gnu++20";
				CLANG_ENABLE_MODULES = YES;
				CLANG_ENABLE_OBJC_ARC = YES;
				CLANG_ENABLE_OBJC_WEAK = YES;
				CLANG_WARN_BLOCK_CAPTURE_AUTORELEASING = YES;
				CLANG_WARN_BOOL_CONVERSION = YES;
				CLANG_WARN_COMMA = YES;
				CLANG_WARN_CONSTANT_CONVERSION = YES;
				CLANG_WARN_DEPRECATED_OBJC_IMPLEMENTATIONS = YES;
				CLANG_WARN_DIRECT_OBJC_ISA_USAGE = YES_ERROR;
				CLANG_WARN_DOCUMENTATION_COMMENTS = YES;
				CLANG_WARN_EMPTY_BODY = YES;
				CLANG_WARN_ENUM_CONVERSION = YES;
				CLANG_WARN_INFINITE_RECURSION = YES;
				CLANG_WARN_INT_CONVERSION = YES;
				CLANG_WARN_NON_LITERAL_NULL_CONVERSION = YES;
				CLANG_WARN_OBJC_IMPLICIT_RETAIN_SELF = YES;
				CLANG_WARN_OBJC_LITERAL_CONVERSION = YES;
				CLANG_WARN_OBJC_ROOT_CLASS = YES_ERROR;
				CLANG_WARN_QUOTED_INCLUDE_IN_FRAMEWORK_HEADER = YES;
				CLANG_WARN_RANGE_LOOP_ANALYSIS = YES;
				CLANG_WARN_STRICT_PROTOTYPES = YES;
				CLANG_WARN_SUSPICIOUS_MOVE = YES;
				CLANG_WARN_UNGUARDED_AVAILABILITY = YES_AGGRESSIVE;
				CLANG_WARN_UNREACHABLE_CODE = YES;
				CLANG_WARN__DUPLICATE_METHOD_MATCH = YES;
				COPY_PHASE_STRIP = NO;
				DEBUG_INFORMATION_FORMAT = dwarf;
				ENABLE_STRICT_OBJC_MSGSEND = YES;
				ENABLE_TESTABILITY = YES;
				ENABLE_USER_SCRIPT_SANDBOXING = YES;
				GCC_C_LANGUAGE_STANDARD = gnu17;
				GCC_DYNAMIC_NO_PIC = NO;
				GCC_NO_COMMON_BLOCKS = YES;
				GCC_OPTIMIZATION_LEVEL = 0;
				GCC_PREPROCESSOR_DEFINITIONS = (
					"DEBUG=1",
					"$(inherited)",
				);
				GCC_WARN_64_TO_32_BIT_CONVERSION = YES;
				GCC_WARN_ABOUT_RETURN_TYPE = YES_ERROR;
				GCC_WARN_UNDECLARED_SELECTOR = YES;
				GCC_WARN_UNINITIALIZED_AUTOS = YES_AGGRESSIVE;
				GCC_WARN_UNUSED_FUNCTION = YES;
				GCC_WARN_UNUSED_VARIABLE = YES;
				IPHONEOS_DEPLOYMENT_TARGET = 17.2;
				LOCALIZATION_PREFERS_STRING_CATALOGS = YES;
				MTL_ENABLE_DEBUG_INFO = INCLUDE_SOURCE;
				MTL_FAST_MATH = YES;
				ONLY_ACTIVE_ARCH = YES;
				SDKROOT = iphoneos;
				SWIFT_ACTIVE_COMPILATION_CONDITIONS = "DEBUG $(inherited)";
				SWIFT_OPTIMIZATION_LEVEL = "-Onone";
			};
			name = Debug;
		};
		A44D11B02B5C296800FD547D /* Release */ = {
			isa = XCBuildConfiguration;
			buildSettings = {
				ALWAYS_SEARCH_USER_PATHS = NO;
				ASSETCATALOG_COMPILER_GENERATE_SWIFT_ASSET_SYMBOL_EXTENSIONS = YES;
				CLANG_ANALYZER_NONNULL = YES;
				CLANG_ANALYZER_NUMBER_OBJECT_CONVERSION = YES_AGGRESSIVE;
				CLANG_CXX_LANGUAGE_STANDARD = "gnu++20";
				CLANG_ENABLE_MODULES = YES;
				CLANG_ENABLE_OBJC_ARC = YES;
				CLANG_ENABLE_OBJC_WEAK = YES;
				CLANG_WARN_BLOCK_CAPTURE_AUTORELEASING = YES;
				CLANG_WARN_BOOL_CONVERSION = YES;
				CLANG_WARN_COMMA = YES;
				CLANG_WARN_CONSTANT_CONVERSION = YES;
				CLANG_WARN_DEPRECATED_OBJC_IMPLEMENTATIONS = YES;
				CLANG_WARN_DIRECT_OBJC_ISA_USAGE = YES_ERROR;
				CLANG_WARN_DOCUMENTATION_COMMENTS = YES;
				CLANG_WARN_EMPTY_BODY = YES;
				CLANG_WARN_ENUM_CONVERSION = YES;
				CLANG_WARN_INFINITE_RECURSION = YES;
				CLANG_WARN_INT_CONVERSION = YES;
				CLANG_WARN_NON_LITERAL_NULL_CONVERSION = YES;
				CLANG_WARN_OBJC_IMPLICIT_RETAIN_SELF = YES;
				CLANG_WARN_OBJC_LITERAL_CONVERSION = YES;
				CLANG_WARN_OBJC_ROOT_CLASS = YES_ERROR;
				CLANG_WARN_QUOTED_INCLUDE_IN_FRAMEWORK_HEADER = YES;
				CLANG_WARN_RANGE_LOOP_ANALYSIS = YES;
				CLANG_WARN_STRICT_PROTOTYPES = YES;
				CLANG_WARN_SUSPICIOUS_MOVE = YES;
				CLANG_WARN_UNGUARDED_AVAILABILITY = YES_AGGRESSIVE;
				CLANG_WARN_UNREACHABLE_CODE = YES;
				CLANG_WARN__DUPLICATE_METHOD_MATCH = YES;
				COPY_PHASE_STRIP = NO;
				DEBUG_INFORMATION_FORMAT = "dwarf-with-dsym";
				ENABLE_NS_ASSERTIONS = NO;
				ENABLE_STRICT_OBJC_MSGSEND = YES;
				ENABLE_USER_SCRIPT_SANDBOXING = YES;
				GCC_C_LANGUAGE_STANDARD = gnu17;
				GCC_NO_COMMON_BLOCKS = YES;
				GCC_WARN_64_TO_32_BIT_CONVERSION = YES;
				GCC_WARN_ABOUT_RETURN_TYPE = YES_ERROR;
				GCC_WARN_UNDECLARED_SELECTOR = YES;
				GCC_WARN_UNINITIALIZED_AUTOS = YES_AGGRESSIVE;
				GCC_WARN_UNUSED_FUNCTION = YES;
				GCC_WARN_UNUSED_VARIABLE = YES;
				IPHONEOS_DEPLOYMENT_TARGET = 17.2;
				LOCALIZATION_PREFERS_STRING_CATALOGS = YES;
				MTL_ENABLE_DEBUG_INFO = NO;
				MTL_FAST_MATH = YES;
				SDKROOT = iphoneos;
				SWIFT_COMPILATION_MODE = wholemodule;
				VALIDATE_PRODUCT = YES;
			};
			name = Release;
		};
		A44D11B22B5C296800FD547D /* Debug */ = {
			isa = XCBuildConfiguration;
			buildSettings = {
				ASSETCATALOG_COMPILER_APPICON_NAME = AppIcon;
				ASSETCATALOG_COMPILER_GLOBAL_ACCENT_COLOR_NAME = AccentColor;
				CODE_SIGN_STYLE = Automatic;
				CURRENT_PROJECT_VERSION = 1;
				DEVELOPMENT_ASSET_PATHS = "\"Landmarks/Preview Content\"";
				DEVELOPMENT_TEAM = 82HCH9V652;
				ENABLE_PREVIEWS = YES;
				GENERATE_INFOPLIST_FILE = YES;
				INFOPLIST_KEY_UIApplicationSceneManifest_Generation = YES;
				INFOPLIST_KEY_UIApplicationSupportsIndirectInputEvents = YES;
				INFOPLIST_KEY_UILaunchScreen_Generation = YES;
				INFOPLIST_KEY_UISupportedInterfaceOrientations_iPad = "UIInterfaceOrientationPortrait UIInterfaceOrientationPortraitUpsideDown UIInterfaceOrientationLandscapeLeft UIInterfaceOrientationLandscapeRight";
				INFOPLIST_KEY_UISupportedInterfaceOrientations_iPhone = "UIInterfaceOrientationPortrait UIInterfaceOrientationLandscapeLeft UIInterfaceOrientationLandscapeRight";
				IPHONEOS_DEPLOYMENT_TARGET = 17.2;
				LD_RUNPATH_SEARCH_PATHS = (
					"$(inherited)",
					"@executable_path/Frameworks",
				);
				MARKETING_VERSION = 1.0;
				PRODUCT_BUNDLE_IDENTIFIER = com.tumbersa.Landmarks;
				PRODUCT_NAME = "$(TARGET_NAME)";
				SWIFT_EMIT_LOC_STRINGS = YES;
				SWIFT_VERSION = 5.0;
				TARGETED_DEVICE_FAMILY = "1,2";
			};
			name = Debug;
		};
		A44D11B32B5C296800FD547D /* Release */ = {
			isa = XCBuildConfiguration;
			buildSettings = {
				ASSETCATALOG_COMPILER_APPICON_NAME = AppIcon;
				ASSETCATALOG_COMPILER_GLOBAL_ACCENT_COLOR_NAME = AccentColor;
				CODE_SIGN_STYLE = Automatic;
				CURRENT_PROJECT_VERSION = 1;
				DEVELOPMENT_ASSET_PATHS = "\"Landmarks/Preview Content\"";
				DEVELOPMENT_TEAM = 82HCH9V652;
				ENABLE_PREVIEWS = YES;
				GENERATE_INFOPLIST_FILE = YES;
				INFOPLIST_KEY_UIApplicationSceneManifest_Generation = YES;
				INFOPLIST_KEY_UIApplicationSupportsIndirectInputEvents = YES;
				INFOPLIST_KEY_UILaunchScreen_Generation = YES;
				INFOPLIST_KEY_UISupportedInterfaceOrientations_iPad = "UIInterfaceOrientationPortrait UIInterfaceOrientationPortraitUpsideDown UIInterfaceOrientationLandscapeLeft UIInterfaceOrientationLandscapeRight";
				INFOPLIST_KEY_UISupportedInterfaceOrientations_iPhone = "UIInterfaceOrientationPortrait UIInterfaceOrientationLandscapeLeft UIInterfaceOrientationLandscapeRight";
				IPHONEOS_DEPLOYMENT_TARGET = 17.2;
				LD_RUNPATH_SEARCH_PATHS = (
					"$(inherited)",
					"@executable_path/Frameworks",
				);
				MARKETING_VERSION = 1.0;
				PRODUCT_BUNDLE_IDENTIFIER = com.tumbersa.Landmarks;
				PRODUCT_NAME = "$(TARGET_NAME)";
				SWIFT_EMIT_LOC_STRINGS = YES;
				SWIFT_VERSION = 5.0;
				TARGETED_DEVICE_FAMILY = "1,2";
			};
			name = Release;
		};
/* End XCBuildConfiguration section */

/* Begin XCConfigurationList section */
		A44D119E2B5C296600FD547D /* Build configuration list for PBXProject "Landmarks" */ = {
			isa = XCConfigurationList;
			buildConfigurations = (
				A44D11AF2B5C296800FD547D /* Debug */,
				A44D11B02B5C296800FD547D /* Release */,
			);
			defaultConfigurationIsVisible = 0;
			defaultConfigurationName = Release;
		};
		A44D11B12B5C296800FD547D /* Build configuration list for PBXNativeTarget "Landmarks" */ = {
			isa = XCConfigurationList;
			buildConfigurations = (
				A44D11B22B5C296800FD547D /* Debug */,
				A44D11B32B5C296800FD547D /* Release */,
			);
			defaultConfigurationIsVisible = 0;
			defaultConfigurationName = Release;
		};
/* End XCConfigurationList section */
	};
	rootObject = A44D119B2B5C296600FD547D /* Project object */;
}
